Microsoft Visual Studio Solution File, Format Version 12.00
# Visual Studio 2012
Project("{FAE04EC0-301F-11D3-BF4B-00C04F79EFBC}") = "godot_4_physics", "godot_4_physics.csproj", "{58230AEA-4240-4663-B5DB-A7A00DD75F3B}"
EndProject
Global
	GlobalSection(SolutionConfigurationPlatforms) = preSolution
	Debug|Any CPU = Debug|Any CPU
	ExportDebug|Any CPU = ExportDebug|Any CPU
	ExportRelease|Any CPU = ExportRelease|Any CPU
	EndGlobalSection
	GlobalSection(ProjectConfigurationPlatforms) = postSolution
		{58230AEA-4240-4663-B5DB-A7A00DD75F3B}.Debug|Any CPU.ActiveCfg = Debug|Any CPU
		{58230AEA-4240-4663-B5DB-A7A00DD75F3B}.Debug|Any CPU.Build.0 = Debug|Any CPU
		{58230AEA-4240-4663-B5DB-A7A00DD75F3B}.ExportDebug|Any CPU.ActiveCfg = ExportDebug|Any CPU
		{58230AEA-4240-4663-B5DB-A7A00DD75F3B}.ExportDebug|Any CPU.Build.0 = ExportDebug|Any CPU
		{58230AEA-4240-4663-B5DB-A7A00DD75F3B}.ExportRelease|Any CPU.ActiveCfg = ExportRelease|Any CPU
		{58230AEA-4240-4663-B5DB-A7A00DD75F3B}.ExportRelease|Any CPU.Build.0 = ExportRelease|Any CPU
	EndGlobalSection
EndGlobal
